{
  "name": "@didi/ibt-fe-genuuidjs",
  "version": "0.0.2",
  "lockfileVersion": 1,
  "requires": true,
  "dependencies": {
    "@types/node": {
      "version": "16.7.6",
      "resolved": "http://artifactory.intra.xiaojukeji.com:80/artifactory/api/npm/npm/@types/node/-/node-16.7.6.tgz?dl=https%3A%2F%2Frepo.huaweicloud.com%2Frepository%2Fnpm%2F%40types%2Fnode%2F-%2Fnode-16.7.6.tgz",
      "integrity": "sha1-hmZHjbgJWqZuJbfkafPntT6ihV4=",
      "dev": true
    },
    "blueimp-md5": {
      "version": "2.18.0",
      "resolved": "http://artifactory.intra.xiaojukeji.com:80/artifactory/api/npm/npm/blueimp-md5/-/blueimp-md5-2.18.0.tgz?dl=https%3A%2F%2Frepo.huaweicloud.com%2Frepository%2Fnpm%2Fblueimp-md5%2F-%2Fblueimp-md5-2.18.0.tgz",
      "integrity": "sha1-EVK+EzXwxrORHtnjbbVPPmrFKTU="
    },
    "uuid": {
      "version": "8.3.2",
      "resolved": "http://artifactory.intra.xiaojukeji.com:80/artifactory/api/npm/npm/uuid/-/uuid-8.3.2.tgz?dl=https%3A%2F%2Frepo.huaweicloud.com%2Frepository%2Fnpm%2Fuuid%2F-%2Fuuid-8.3.2.tgz",
      "integrity": "sha1-gNW1ztJxu5r2xEXyGhoExgbO++I="
    }
  }
}
